<?xml version="1.0" encoding="utf-8"?>
<Project ToolsVersion="4.0" xmlns="http://schemas.microsoft.com/developer/msbuild/2003">
  <ItemGroup>
    <Filter Include="Source Files">
      <UniqueIdentifier>{4FC737F1-C7A5-4376-A066-2A32D752A2FF}</UniqueIdentifier>
      <Extensions>cpp;c;cc;cxx;def;odl;idl;hpj;bat;asm;asmx</Extensions>
    </Filter>
    <Filter Include="Header Files">
      <UniqueIdentifier>{93995380-89BD-4b04-88EB-625FBE52EBFB}</UniqueIdentifier>
      <Extensions>h;hh;hpp;hxx;hm;inl;inc;xsd</Extensions>
    </Filter>
    <Filter Include="Resource Files">
      <UniqueIdentifier>{67DA6AB6-F800-4c08-8B7A-83BB121AAD01}</UniqueIdentifier>
      <Extensions>rc;ico;cur;bmp;dlg;rc2;rct;bin;rgs;gif;jpg;jpeg;jpe;resx;tiff;tif;png;wav;mfcribbon-ms</Extensions>
    </Filter>
    <Filter Include="hidapi">
      <UniqueIdentifier>{33b1d610-6600-439f-8133-604d3c7e653f}</UniqueIdentifier>
    </Filter>
    <Filter Include="fdsemu-lib">
      <UniqueIdentifier>{f93ddd98-1c15-4ca3-820a-23ec72abfacb}</UniqueIdentifier>
    </Filter>
    <Filter Include="lz4">
      <UniqueIdentifier>{9399f03f-335f-4a03-a7a6-2d876501b2d0}</UniqueIdentifier>
    </Filter>
  </ItemGroup>
  <ItemGroup>
    <ClInclude Include="version.h">
      <Filter>Header Files</Filter>
    </ClInclude>
    <ClInclude Include="hidapi\hidapi\hidapi.h">
      <Filter>hidapi</Filter>
    </ClInclude>
    <ClInclude Include="..\fdsemu-lib\Device.h">
      <Filter>fdsemu-lib</Filter>
    </ClInclude>
    <ClInclude Include="..\fdsemu-lib\DiskImage.h">
      <Filter>fdsemu-lib</Filter>
    </ClInclude>
    <ClInclude Include="..\fdsemu-lib\DiskSide.h">
      <Filter>fdsemu-lib</Filter>
    </ClInclude>
    <ClInclude Include="..\fdsemu-lib\Flash.h">
      <Filter>fdsemu-lib</Filter>
    </ClInclude>
    <ClInclude Include="..\fdsemu-lib\FlashUtil.h">
      <Filter>fdsemu-lib</Filter>
    </ClInclude>
    <ClInclude Include="..\fdsemu-lib\Sram.h">
      <Filter>fdsemu-lib</Filter>
    </ClInclude>
    <ClInclude Include="..\fdsemu-lib\System.h">
      <Filter>fdsemu-lib</Filter>
    </ClInclude>
    <ClInclude Include="lz4\lz4.h">
      <Filter>lz4</Filter>
    </ClInclude>
    <ClInclude Include="lz4\lz4frame.h">
      <Filter>lz4</Filter>
    </ClInclude>
    <ClInclude Include="lz4\lz4hc.h">
      <Filter>lz4</Filter>
    </ClInclude>
    <ClInclude Include="lz4\xxhash.h">
      <Filter>lz4</Filter>
    </ClInclude>
    <ClInclude Include="lz4\lz4frame_static.h">
      <Filter>lz4</Filter>
    </ClInclude>
  </ItemGroup>
  <ItemGroup>
    <ClCompile Include="main.cpp">
      <Filter>Source Files</Filter>
    </ClCompile>
    <ClCompile Include="hidapi\windows\hid.c">
      <Filter>hidapi</Filter>
    </ClCompile>
    <ClCompile Include="..\fdsemu-lib\Device.cpp">
      <Filter>fdsemu-lib</Filter>
    </ClCompile>
    <ClCompile Include="..\fdsemu-lib\DiskImage.cpp">
      <Filter>fdsemu-lib</Filter>
    </ClCompile>
    <ClCompile Include="..\fdsemu-lib\DiskSide.cpp">
      <Filter>fdsemu-lib</Filter>
    </ClCompile>
    <ClCompile Include="..\fdsemu-lib\Flash.cpp">
      <Filter>fdsemu-lib</Filter>
    </ClCompile>
    <ClCompile Include="..\fdsemu-lib\FlashUtil.cpp">
      <Filter>fdsemu-lib</Filter>
    </ClCompile>
    <ClCompile Include="..\fdsemu-lib\Sram.cpp">
      <Filter>fdsemu-lib</Filter>
    </ClCompile>
    <ClCompile Include="..\fdsemu-lib\System.cpp">
      <Filter>fdsemu-lib</Filter>
    </ClCompile>
    <ClCompile Include="lz4\lz4.c">
      <Filter>lz4</Filter>
    </ClCompile>
    <ClCompile Include="lz4\lz4frame.c">
      <Filter>lz4</Filter>
    </ClCompile>
    <ClCompile Include="lz4\lz4hc.c">
      <Filter>lz4</Filter>
    </ClCompile>
    <ClCompile Include="lz4\xxhash.c">
      <Filter>lz4</Filter>
    </ClCompile>
    <ClCompile Include="firmware.cpp">
      <Filter>Source Files</Filter>
    </ClCompile>
  </ItemGroup>
</Project>